{
  "name": "soat-anti-gaspi-app",
  "version": "0.1.0",
  "lockfileVersion": 1,
  "requires": true,
  "dependencies": {
    "@types/node": {
      "version": "16.11.45",
      "resolved": "https://registry.npmjs.org/@types/node/-/node-16.11.45.tgz",
      "integrity": "sha512-3rKg/L5x0rofKuuUt5zlXzOnKyIHXmIu5R8A0TuNDMF2062/AOIDBciFIjToLEJ/9F9DzkHNot+BpNsMI1OLdQ==",
      "dev": true
    }
  }
}
